// !$*UTF8*$!
{
	archiveVersion = 1;
	classes = {
	};
	objectVersion = 50;
	objects = {

/* Begin PBXBuildFile section */
		0CBF4C212F9C5105D0C74233 /* libPods-RITLNetAddressPickerView.a in Frameworks */ = {isa = PBXBuildFile; fileRef = D28A6DCB061449588F125E9D /* libPods-RITLNetAddressPickerView.a */; };
		DB9F79BC2089DFE900485B33 /* RITLNetAddressAssets.xcassets in Resources */ = {isa = PBXBuildFile; fileRef = DB9F79BB2089DFE900485B33 /* RITLNetAddressAssets.xcassets */; };
		DBE38F2B2089D931004D91C8 /* AppDelegate.m in Sources */ = {isa = PBXBuildFile; fileRef = DBE38F2A2089D931004D91C8 /* AppDelegate.m */; };
		DBE38F2E2089D931004D91C8 /* ViewController.m in Sources */ = {isa = PBXBuildFile; fileRef = DBE38F2D2089D931004D91C8 /* ViewController.m */; };
		DBE38F312089D931004D91C8 /* Main.storyboard in Resources */ = {isa = PBXBuildFile; fileRef = DBE38F2F2089D931004D91C8 /* Main.storyboard */; };
		DBE38F332089D932004D91C8 /* Assets.xcassets in Resources */ = {isa = PBXBuildFile; fileRef = DBE38F322089D932004D91C8 /* Assets.xcassets */; };
		DBE38F362089D932004D91C8 /* LaunchScreen.storyboard in Resources */ = {isa = PBXBuildFile; fileRef = DBE38F342089D932004D91C8 /* LaunchScreen.storyboard */; };
		DBE38F392089D932004D91C8 /* main.m in Sources */ = {isa = PBXBuildFile; fileRef = DBE38F382089D932004D91C8 /* main.m */; };
		DBE38F442089DAB9004D91C8 /* RITLNetAddressPickerCell.m in Sources */ = {isa = PBXBuildFile; fileRef = DBE38F422089DAB8004D91C8 /* RITLNetAddressPickerCell.m */; };
		DBE38F452089DAB9004D91C8 /* RITLNetAddressPickerView.m in Sources */ = {isa = PBXBuildFile; fileRef = DBE38F432089DAB9004D91C8 /* RITLNetAddressPickerView.m */; };
/* End PBXBuildFile section */

/* Begin PBXFileReference section */
		93D0DBB4130F400E2D043002 /* Pods-RITLNetAddressPickerView.release.xcconfig */ = {isa = PBXFileReference; includeInIndex = 1; lastKnownFileType = text.xcconfig; name = "Pods-RITLNetAddressPickerView.release.xcconfig"; path = "Pods/Target Support Files/Pods-RITLNetAddressPickerView/Pods-RITLNetAddressPickerView.release.xcconfig"; sourceTree = "<group>"; };
		AEF3F853FBBDDF9E08AF63E2 /* Pods-RITLNetAddressPickerView.debug.xcconfig */ = {isa = PBXFileReference; includeInIndex = 1; lastKnownFileType = text.xcconfig; name = "Pods-RITLNetAddressPickerView.debug.xcconfig"; path = "Pods/Target Support Files/Pods-RITLNetAddressPickerView/Pods-RITLNetAddressPickerView.debug.xcconfig"; sourceTree = "<group>"; };
		D28A6DCB061449588F125E9D /* libPods-RITLNetAddressPickerView.a */ = {isa = PBXFileReference; explicitFileType = archive.ar; includeInIndex = 0; path = "libPods-RITLNetAddressPickerView.a"; sourceTree = BUILT_PRODUCTS_DIR; };
		DB9F79BB2089DFE900485B33 /* RITLNetAddressAssets.xcassets */ = {isa = PBXFileReference; lastKnownFileType = folder.assetcatalog; path = RITLNetAddressAssets.xcassets; sourceTree = "<group>"; };
		DBE38F262089D930004D91C8 /* RITLNetAddressPickerView.app */ = {isa = PBXFileReference; explicitFileType = wrapper.application; includeInIndex = 0; path = RITLNetAddressPickerView.app; sourceTree = BUILT_PRODUCTS_DIR; };
		DBE38F292089D931004D91C8 /* AppDelegate.h */ = {isa = PBXFileReference; lastKnownFileType = sourcecode.c.h; path = AppDelegate.h; sourceTree = "<group>"; };
		DBE38F2A2089D931004D91C8 /* AppDelegate.m */ = {isa = PBXFileReference; lastKnownFileType = sourcecode.c.objc; path = AppDelegate.m; sourceTree = "<group>"; };
		DBE38F2C2089D931004D91C8 /* ViewController.h */ = {isa = PBXFileReference; lastKnownFileType = sourcecode.c.h; path = ViewController.h; sourceTree = "<group>"; };
		DBE38F2D2089D931004D91C8 /* ViewController.m */ = {isa = PBXFileReference; lastKnownFileType = sourcecode.c.objc; path = ViewController.m; sourceTree = "<group>"; };
		DBE38F302089D931004D91C8 /* Base */ = {isa = PBXFileReference; lastKnownFileType = file.storyboard; name = Base; path = Base.lproj/Main.storyboard; sourceTree = "<group>"; };
		DBE38F322089D932004D91C8 /* Assets.xcassets */ = {isa = PBXFileReference; lastKnownFileType = folder.assetcatalog; path = Assets.xcassets; sourceTree = "<group>"; };
		DBE38F352089D932004D91C8 /* Base */ = {isa = PBXFileReference; lastKnownFileType = file.storyboard; name = Base; path = Base.lproj/LaunchScreen.storyboard; sourceTree = "<group>"; };
		DBE38F372089D932004D91C8 /* Info.plist */ = {isa = PBXFileReference; lastKnownFileType = text.plist.xml; path = Info.plist; sourceTree = "<group>"; };
		DBE38F382089D932004D91C8 /* main.m */ = {isa = PBXFileReference; lastKnownFileType = sourcecode.c.objc; path = main.m; sourceTree = "<group>"; };
		DBE38F402089DAB8004D91C8 /* RITLNetAddressPickerCell.h */ = {isa = PBXFileReference; fileEncoding = 4; lastKnownFileType = sourcecode.c.h; path = RITLNetAddressPickerCell.h; sourceTree = "<group>"; };
		DBE38F412089DAB8004D91C8 /* RITLNetAddressPickerView.h */ = {isa = PBXFileReference; fileEncoding = 4; lastKnownFileType = sourcecode.c.h; path = RITLNetAddressPickerView.h; sourceTree = "<group>"; };
		DBE38F422089DAB8004D91C8 /* RITLNetAddressPickerCell.m */ = {isa = PBXFileReference; fileEncoding = 4; lastKnownFileType = sourcecode.c.objc; path = RITLNetAddressPickerCell.m; sourceTree = "<group>"; };
		DBE38F432089DAB9004D91C8 /* RITLNetAddressPickerView.m */ = {isa = PBXFileReference; fileEncoding = 4; lastKnownFileType = sourcecode.c.objc; path = RITLNetAddressPickerView.m; sourceTree = "<group>"; };
/* End PBXFileReference section */

/* Begin PBXFrameworksBuildPhase section */
		DBE38F232089D930004D91C8 /* Frameworks */ = {
			isa = PBXFrameworksBuildPhase;
			buildActionMask = 2147483647;
			files = (
				0CBF4C212F9C5105D0C74233 /* libPods-RITLNetAddressPickerView.a in Frameworks */,
			);
			runOnlyForDeploymentPostprocessing = 0;
		};
/* End PBXFrameworksBuildPhase section */

/* Begin PBXGroup section */
		0D1D1A54EEA38FC5EA6DEA35 /* Frameworks */ = {
			isa = PBXGroup;
			children = (
				D28A6DCB061449588F125E9D /* libPods-RITLNetAddressPickerView.a */,
			);
			name = Frameworks;
			sourceTree = "<group>";
		};
		CF27C94CDBB19358506FBFCF /* Pods */ = {
			isa = PBXGroup;
			children = (
				AEF3F853FBBDDF9E08AF63E2 /* Pods-RITLNetAddressPickerView.debug.xcconfig */,
				93D0DBB4130F400E2D043002 /* Pods-RITLNetAddressPickerView.release.xcconfig */,
			);
			name = Pods;
			sourceTree = "<group>";
		};
		DBE38F1D2089D930004D91C8 = {
			isa = PBXGroup;
			children = (
				DBE38F3F2089DAB8004D91C8 /* RITLAddressPickerView */,
				DBE38F282089D930004D91C8 /* RITLNetAddressPickerView */,
				DBE38F272089D930004D91C8 /* Products */,
				CF27C94CDBB19358506FBFCF /* Pods */,
				0D1D1A54EEA38FC5EA6DEA35 /* Frameworks */,
			);
			sourceTree = "<group>";
		};
		DBE38F272089D930004D91C8 /* Products */ = {
			isa = PBXGroup;
			children = (
				DBE38F262089D930004D91C8 /* RITLNetAddressPickerView.app */,
			);
			name = Products;
			sourceTree = "<group>";
		};
		DBE38F282089D930004D91C8 /* RITLNetAddressPickerView */ = {
			isa = PBXGroup;
			children = (
				DBE38F292089D931004D91C8 /* AppDelegate.h */,
				DBE38F2A2089D931004D91C8 /* AppDelegate.m */,
				DBE38F2C2089D931004D91C8 /* ViewController.h */,
				DBE38F2D2089D931004D91C8 /* ViewController.m */,
				DBE38F2F2089D931004D91C8 /* Main.storyboard */,
				DBE38F322089D932004D91C8 /* Assets.xcassets */,
				DBE38F342089D932004D91C8 /* LaunchScreen.storyboard */,
				DBE38F372089D932004D91C8 /* Info.plist */,
				DBE38F382089D932004D91C8 /* main.m */,
			);
			path = RITLNetAddressPickerView;
			sourceTree = "<group>";
		};
		DBE38F3F2089DAB8004D91C8 /* RITLAddressPickerView */ = {
			isa = PBXGroup;
			children = (
				DBE38F402089DAB8004D91C8 /* RITLNetAddressPickerCell.h */,
				DBE38F422089DAB8004D91C8 /* RITLNetAddressPickerCell.m */,
				DBE38F412089DAB8004D91C8 /* RITLNetAddressPickerView.h */,
				DBE38F432089DAB9004D91C8 /* RITLNetAddressPickerView.m */,
				DB9F79BB2089DFE900485B33 /* RITLNetAddressAssets.xcassets */,
			);
			path = RITLAddressPickerView;
			sourceTree = "<group>";
		};
/* End PBXGroup section */

/* Begin PBXNativeTarget section */
		DBE38F252089D930004D91C8 /* RITLNetAddressPickerView */ = {
			isa = PBXNativeTarget;
			buildConfigurationList = DBE38F3C2089D932004D91C8 /* Build configuration list for PBXNativeTarget "RITLNetAddressPickerView" */;
			buildPhases = (
				5F5485493F142DC50AE7F4ED /* [CP] Check Pods Manifest.lock */,
				DBE38F222089D930004D91C8 /* Sources */,
				DBE38F232089D930004D91C8 /* Frameworks */,
				DBE38F242089D930004D91C8 /* Resources */,
				4DB93AF2BA6FB1A20B3F647C /* [CP] Embed Pods Frameworks */,
				D002A6775ABB786431B4CAD6 /* [CP] Copy Pods Resources */,
			);
			buildRules = (
			);
			dependencies = (
			);
			name = RITLNetAddressPickerView;
			productName = RITLNetAddressPickerView;
			productReference = DBE38F262089D930004D91C8 /* RITLNetAddressPickerView.app */;
			productType = "com.apple.product-type.application";
		};
/* End PBXNativeTarget section */

/* Begin PBXProject section */
		DBE38F1E2089D930004D91C8 /* Project object */ = {
			isa = PBXProject;
			attributes = {
				LastUpgradeCheck = 0930;
				ORGANIZATIONNAME = YueWen;
				TargetAttributes = {
					DBE38F252089D930004D91C8 = {
						CreatedOnToolsVersion = 9.3;
					};
				};
			};
			buildConfigurationList = DBE38F212089D930004D91C8 /* Build configuration list for PBXProject "RITLNetAddressPickerView" */;
			compatibilityVersion = "Xcode 9.3";
			developmentRegion = en;
			hasScannedForEncodings = 0;
			knownRegions = (
				en,
				Base,
			);
			mainGroup = DBE38F1D2089D930004D91C8;
			productRefGroup = DBE38F272089D930004D91C8 /* Products */;
			projectDirPath = "";
			projectRoot = "";
			targets = (
				DBE38F252089D930004D91C8 /* RITLNetAddressPickerView */,
			);
		};
/* End PBXProject section */

/* Begin PBXResourcesBuildPhase section */
		DBE38F242089D930004D91C8 /* Resources */ = {
			isa = PBXResourcesBuildPhase;
			buildActionMask = 2147483647;
			files = (
				DB9F79BC2089DFE900485B33 /* RITLNetAddressAssets.xcassets in Resources */,
				DBE38F362089D932004D91C8 /* LaunchScreen.storyboard in Resources */,
				DBE38F332089D932004D91C8 /* Assets.xcassets in Resources */,
				DBE38F312089D931004D91C8 /* Main.storyboard in Resources */,
			);
			runOnlyForDeploymentPostprocessing = 0;
		};
/* End PBXResourcesBuildPhase section */

/* Begin PBXShellScriptBuildPhase section */
		4DB93AF2BA6FB1A20B3F647C /* [CP] Embed Pods Frameworks */ = {
			isa = PBXShellScriptBuildPhase;
			buildActionMask = 2147483647;
			files = (
			);
			inputPaths = (
			);
			name = "[CP] Embed Pods Frameworks";
			outputPaths = (
			);
			runOnlyForDeploymentPostprocessing = 0;
			shellPath = /bin/sh;
			shellScript = "\"${SRCROOT}/Pods/Target Support Files/Pods-RITLNetAddressPickerView/Pods-RITLNetAddressPickerView-frameworks.sh\"\n";
			showEnvVarsInLog = 0;
		};
		5F5485493F142DC50AE7F4ED /* [CP] Check Pods Manifest.lock */ = {
			isa = PBXShellScriptBuildPhase;
			buildActionMask = 2147483647;
			files = (
			);
			inputPaths = (
				"${PODS_PODFILE_DIR_PATH}/Podfile.lock",
				"${PODS_ROOT}/Manifest.lock",
			);
			name = "[CP] Check Pods Manifest.lock";
			outputPaths = (
				"$(DERIVED_FILE_DIR)/Pods-RITLNetAddressPickerView-checkManifestLockResult.txt",
			);
			runOnlyForDeploymentPostprocessing = 0;
			shellPath = /bin/sh;
			shellScript = "diff \"${PODS_PODFILE_DIR_PATH}/Podfile.lock\" \"${PODS_ROOT}/Manifest.lock\" > /dev/null\nif [ $? != 0 ] ; then\n    # print error to STDERR\n    echo \"error: The sandbox is not in sync with the Podfile.lock. Run 'pod install' or update your CocoaPods installation.\" >&2\n    exit 1\nfi\n# This output is used by Xcode 'outputs' to avoid re-running this script phase.\necho \"SUCCESS\" > \"${SCRIPT_OUTPUT_FILE_0}\"\n";
			showEnvVarsInLog = 0;
		};
		D002A6775ABB786431B4CAD6 /* [CP] Copy Pods Resources */ = {
			isa = PBXShellScriptBuildPhase;
			buildActionMask = 2147483647;
			files = (
			);
			inputPaths = (
			);
			name = "[CP] Copy Pods Resources";
			outputPaths = (
			);
			runOnlyForDeploymentPostprocessing = 0;
			shellPath = /bin/sh;
			shellScript = "\"${SRCROOT}/Pods/Target Support Files/Pods-RITLNetAddressPickerView/Pods-RITLNetAddressPickerView-resources.sh\"\n";
			showEnvVarsInLog = 0;
		};
/* End PBXShellScriptBuildPhase section */

/* Begin PBXSourcesBuildPhase section */
		DBE38F222089D930004D91C8 /* Sources */ = {
			isa = PBXSourcesBuildPhase;
			buildActionMask = 2147483647;
			files = (
				DBE38F452089DAB9004D91C8 /* RITLNetAddressPickerView.m in Sources */,
				DBE38F2E2089D931004D91C8 /* ViewController.m in Sources */,
				DBE38F442089DAB9004D91C8 /* RITLNetAddressPickerCell.m in Sources */,
				DBE38F392089D932004D91C8 /* main.m in Sources */,
				DBE38F2B2089D931004D91C8 /* AppDelegate.m in Sources */,
			);
			runOnlyForDeploymentPostprocessing = 0;
		};
/* End PBXSourcesBuildPhase section */

/* Begin PBXVariantGroup section */
		DBE38F2F2089D931004D91C8 /* Main.storyboard */ = {
			isa = PBXVariantGroup;
			children = (
				DBE38F302089D931004D91C8 /* Base */,
			);
			name = Main.storyboard;
			sourceTree = "<group>";
		};
		DBE38F342089D932004D91C8 /* LaunchScreen.storyboard */ = {
			isa = PBXVariantGroup;
			children = (
				DBE38F352089D932004D91C8 /* Base */,
			);
			name = LaunchScreen.storyboard;
			sourceTree = "<group>";
		};
/* End PBXVariantGroup section */

/* Begin XCBuildConfiguration section */
		DBE38F3A2089D932004D91C8 /* Debug */ = {
			isa = XCBuildConfiguration;
			buildSettings = {
				ALWAYS_SEARCH_USER_PATHS = NO;
				CLANG_ANALYZER_NONNULL = YES;
				CLANG_ANALYZER_NUMBER_OBJECT_CONVERSION = YES_AGGRESSIVE;
				CLANG_CXX_LANGUAGE_STANDARD = "gnu++14";
				CLANG_CXX_LIBRARY = "libc++";
				CLANG_ENABLE_MODULES = YES;
				CLANG_ENABLE_OBJC_ARC = YES;
				CLANG_ENABLE_OBJC_WEAK = YES;
				CLANG_WARN_BLOCK_CAPTURE_AUTORELEASING = YES;
				CLANG_WARN_BOOL_CONVERSION = YES;
				CLANG_WARN_COMMA = YES;
				CLANG_WARN_CONSTANT_CONVERSION = YES;
				CLANG_WARN_DEPRECATED_OBJC_IMPLEMENTATIONS = YES;
				CLANG_WARN_DIRECT_OBJC_ISA_USAGE = YES_ERROR;
				CLANG_WARN_DOCUMENTATION_COMMENTS = YES;
				CLANG_WARN_EMPTY_BODY = YES;
				CLANG_WARN_ENUM_CONVERSION = YES;
				CLANG_WARN_INFINITE_RECURSION = YES;
				CLANG_WARN_INT_CONVERSION = YES;
				CLANG_WARN_NON_LITERAL_NULL_CONVERSION = YES;
				CLANG_WARN_OBJC_IMPLICIT_RETAIN_SELF = YES;
				CLANG_WARN_OBJC_LITERAL_CONVERSION = YES;
				CLANG_WARN_OBJC_ROOT_CLASS = YES_ERROR;
				CLANG_WARN_RANGE_LOOP_ANALYSIS = YES;
				CLANG_WARN_STRICT_PROTOTYPES = YES;
				CLANG_WARN_SUSPICIOUS_MOVE = YES;
				CLANG_WARN_UNGUARDED_AVAILABILITY = YES_AGGRESSIVE;
				CLANG_WARN_UNREACHABLE_CODE = YES;
				CLANG_WARN__DUPLICATE_METHOD_MATCH = YES;
				CODE_SIGN_IDENTITY = "iPhone Developer";
				COPY_PHASE_STRIP = NO;
				DEBUG_INFORMATION_FORMAT = dwarf;
				ENABLE_STRICT_OBJC_MSGSEND = YES;
				ENABLE_TESTABILITY = YES;
				GCC_C_LANGUAGE_STANDARD = gnu11;
				GCC_DYNAMIC_NO_PIC = NO;
				GCC_NO_COMMON_BLOCKS = YES;
				GCC_OPTIMIZATION_LEVEL = 0;
				GCC_PREPROCESSOR_DEFINITIONS = (
					"DEBUG=1",
					"$(inherited)",
				);
				GCC_WARN_64_TO_32_BIT_CONVERSION = YES;
				GCC_WARN_ABOUT_RETURN_TYPE = YES_ERROR;
				GCC_WARN_UNDECLARED_SELECTOR = YES;
				GCC_WARN_UNINITIALIZED_AUTOS = YES_AGGRESSIVE;
				GCC_WARN_UNUSED_FUNCTION = YES;
				GCC_WARN_UNUSED_VARIABLE = YES;
				IPHONEOS_DEPLOYMENT_TARGET = 11.3;
				MTL_ENABLE_DEBUG_INFO = YES;
				ONLY_ACTIVE_ARCH = YES;
				SDKROOT = iphoneos;
			};
			name = Debug;
		};
		DBE38F3B2089D932004D91C8 /* Release */ = {
			isa = XCBuildConfiguration;
			buildSettings = {
				ALWAYS_SEARCH_USER_PATHS = NO;
				CLANG_ANALYZER_NONNULL = YES;
				CLANG_ANALYZER_NUMBER_OBJECT_CONVERSION = YES_AGGRESSIVE;
				CLANG_CXX_LANGUAGE_STANDARD = "gnu++14";
				CLANG_CXX_LIBRARY = "libc++";
				CLANG_ENABLE_MODULES = YES;
				CLANG_ENABLE_OBJC_ARC = YES;
				CLANG_ENABLE_OBJC_WEAK = YES;
				CLANG_WARN_BLOCK_CAPTURE_AUTORELEASING = YES;
				CLANG_WARN_BOOL_CONVERSION = YES;
				CLANG_WARN_COMMA = YES;
				CLANG_WARN_CONSTANT_CONVERSION = YES;
				CLANG_WARN_DEPRECATED_OBJC_IMPLEMENTATIONS = YES;
				CLANG_WARN_DIRECT_OBJC_ISA_USAGE = YES_ERROR;
				CLANG_WARN_DOCUMENTATION_COMMENTS = YES;
				CLANG_WARN_EMPTY_BODY = YES;
				CLANG_WARN_ENUM_CONVERSION = YES;
				CLANG_WARN_INFINITE_RECURSION = YES;
				CLANG_WARN_INT_CONVERSION = YES;
				CLANG_WARN_NON_LITERAL_NULL_CONVERSION = YES;
				CLANG_WARN_OBJC_IMPLICIT_RETAIN_SELF = YES;
				CLANG_WARN_OBJC_LITERAL_CONVERSION = YES;
				CLANG_WARN_OBJC_ROOT_CLASS = YES_ERROR;
				CLANG_WARN_RANGE_LOOP_ANALYSIS = YES;
				CLANG_WARN_STRICT_PROTOTYPES = YES;
				CLANG_WARN_SUSPICIOUS_MOVE = YES;
				CLANG_WARN_UNGUARDED_AVAILABILITY = YES_AGGRESSIVE;
				CLANG_WARN_UNREACHABLE_CODE = YES;
				CLANG_WARN__DUPLICATE_METHOD_MATCH = YES;
				CODE_SIGN_IDENTITY = "iPhone Developer";
				COPY_PHASE_STRIP = NO;
				DEBUG_INFORMATION_FORMAT = "dwarf-with-dsym";
				ENABLE_NS_ASSERTIONS = NO;
				ENABLE_STRICT_OBJC_MSGSEND = YES;
				GCC_C_LANGUAGE_STANDARD = gnu11;
				GCC_NO_COMMON_BLOCKS = YES;
				GCC_WARN_64_TO_32_BIT_CONVERSION = YES;
				GCC_WARN_ABOUT_RETURN_TYPE = YES_ERROR;
				GCC_WARN_UNDECLARED_SELECTOR = YES;
				GCC_WARN_UNINITIALIZED_AUTOS = YES_AGGRESSIVE;
				GCC_WARN_UNUSED_FUNCTION = YES;
				GCC_WARN_UNUSED_VARIABLE = YES;
				IPHONEOS_DEPLOYMENT_TARGET = 11.3;
				MTL_ENABLE_DEBUG_INFO = NO;
				SDKROOT = iphoneos;
				VALIDATE_PRODUCT = YES;
			};
			name = Release;
		};
		DBE38F3D2089D932004D91C8 /* Debug */ = {
			isa = XCBuildConfiguration;
			baseConfigurationReference = AEF3F853FBBDDF9E08AF63E2 /* Pods-RITLNetAddressPickerView.debug.xcconfig */;
			buildSettings = {
				ASSETCATALOG_COMPILER_APPICON_NAME = AppIcon;
				CODE_SIGN_STYLE = Automatic;
				DEVELOPMENT_TEAM = 8S4NWFZC5J;
				INFOPLIST_FILE = RITLNetAddressPickerView/Info.plist;
				LD_RUNPATH_SEARCH_PATHS = (
					"$(inherited)",
					"@executable_path/Frameworks",
				);
				PRODUCT_BUNDLE_IDENTIFIER = com.yue.RITLNetAddressPickerView;
				PRODUCT_NAME = "$(TARGET_NAME)";
				TARGETED_DEVICE_FAMILY = "1,2";
			};
			name = Debug;
		};
		DBE38F3E2089D932004D91C8 /* Release */ = {
			isa = XCBuildConfiguration;
			baseConfigurationReference = 93D0DBB4130F400E2D043002 /* Pods-RITLNetAddressPickerView.release.xcconfig */;
			buildSettings = {
				ASSETCATALOG_COMPILER_APPICON_NAME = AppIcon;
				CODE_SIGN_STYLE = Automatic;
				DEVELOPMENT_TEAM = 8S4NWFZC5J;
				INFOPLIST_FILE = RITLNetAddressPickerView/Info.plist;
				LD_RUNPATH_SEARCH_PATHS = (
					"$(inherited)",
					"@executable_path/Frameworks",
				);
				PRODUCT_BUNDLE_IDENTIFIER = com.yue.RITLNetAddressPickerView;
				PRODUCT_NAME = "$(TARGET_NAME)";
				TARGETED_DEVICE_FAMILY = "1,2";
			};
			name = Release;
		};
/* End XCBuildConfiguration section */

/* Begin XCConfigurationList section */
		DBE38F212089D930004D91C8 /* Build configuration list for PBXProject "RITLNetAddressPickerView" */ = {
			isa = XCConfigurationList;
			buildConfigurations = (
				DBE38F3A2089D932004D91C8 /* Debug */,
				DBE38F3B2089D932004D91C8 /* Release */,
			);
			defaultConfigurationIsVisible = 0;
			defaultConfigurationName = Release;
		};
		DBE38F3C2089D932004D91C8 /* Build configuration list for PBXNativeTarget "RITLNetAddressPickerView" */ = {
			isa = XCConfigurationList;
			buildConfigurations = (
				DBE38F3D2089D932004D91C8 /* Debug */,
				DBE38F3E2089D932004D91C8 /* Release */,
			);
			defaultConfigurationIsVisible = 0;
			defaultConfigurationName = Release;
		};
/* End XCConfigurationList section */
	};
	rootObject = DBE38F1E2089D930004D91C8 /* Project object */;
}
